
Microsoft Visual Studio Solution File, Format Version 12.00
# Visual Studio Version 17
VisualStudioVersion = 17.6.33801.468
MinimumVisualStudioVersion = 10.0.40219.1
Project("{FAE04EC0-301F-11D3-BF4B-00C04F79EFBC}") = "String Interpolation", "String Interpolation\String Interpolation.csproj", "{F443666B-6BED-4AAC-8FDD-9E16160EC9B8}"
EndProject
Global
	GlobalSection(SolutionConfigurationPlatforms) = preSolution
		Debug|Any CPU = Debug|Any CPU
		Release|Any CPU = Release|Any CPU
	EndGlobalSection
	GlobalSection(ProjectConfigurationPlatforms) = postSolution
		{F443666B-6BED-4AAC-8FDD-9E16160EC9B8}.Debug|Any CPU.ActiveCfg = Debug|Any CPU
		{F443666B-6BED-4AAC-8FDD-9E16160EC9B8}.Debug|Any CPU.Build.0 = Debug|Any CPU
		{F443666B-6BED-4AAC-8FDD-9E16160EC9B8}.Release|Any CPU.ActiveCfg = Release|Any CPU
		{F443666B-6BED-4AAC-8FDD-9E16160EC9B8}.Release|Any CPU.Build.0 = Release|Any CPU
	EndGlobalSection
	GlobalSection(SolutionProperties) = preSolution
		HideSolutionNode = FALSE
	EndGlobalSection
	GlobalSection(ExtensibilityGlobals) = postSolution
		SolutionGuid = {3E11763F-A9A9-4989-8F39-9FE78827848E}
	EndGlobalSection
EndGlobal
