
Microsoft Visual Studio Solution File, Format Version 12.00
# Visual Studio Version 16
VisualStudioVersion = 16.0.33423.256
MinimumVisualStudioVersion = 10.0.40219.1
Project("{FAE04EC0-301F-11D3-BF4B-00C04F79EFBC}") = "Day6", "Day6\Day6.csproj", "{7F515AF4-2433-41B1-9D7D-276F7BC25C8E}"
EndProject
Global
	GlobalSection(SolutionConfigurationPlatforms) = preSolution
		Debug|Any CPU = Debug|Any CPU
		Release|Any CPU = Release|Any CPU
	EndGlobalSection
	GlobalSection(ProjectConfigurationPlatforms) = postSolution
		{7F515AF4-2433-41B1-9D7D-276F7BC25C8E}.Debug|Any CPU.ActiveCfg = Debug|Any CPU
		{7F515AF4-2433-41B1-9D7D-276F7BC25C8E}.Debug|Any CPU.Build.0 = Debug|Any CPU
		{7F515AF4-2433-41B1-9D7D-276F7BC25C8E}.Release|Any CPU.ActiveCfg = Release|Any CPU
		{7F515AF4-2433-41B1-9D7D-276F7BC25C8E}.Release|Any CPU.Build.0 = Release|Any CPU
	EndGlobalSection
	GlobalSection(SolutionProperties) = preSolution
		HideSolutionNode = FALSE
	EndGlobalSection
	GlobalSection(ExtensibilityGlobals) = postSolution
		SolutionGuid = {BB33EC9E-7200-4AF3-99C5-5CB9EFD501F3}
	EndGlobalSection
EndGlobal
