
Microsoft Visual Studio Solution File, Format Version 12.00
# Visual Studio Version 16
VisualStudioVersion = 16.0.33423.256
MinimumVisualStudioVersion = 10.0.40219.1
Project("{FAE04EC0-301F-11D3-BF4B-00C04F79EFBC}") = "StackCode", "StackCode\StackCode.csproj", "{F2B8CB5D-6F0D-4A17-8F2A-C980F7D1033C}"
EndProject
Global
	GlobalSection(SolutionConfigurationPlatforms) = preSolution
		Debug|Any CPU = Debug|Any CPU
		Release|Any CPU = Release|Any CPU
	EndGlobalSection
	GlobalSection(ProjectConfigurationPlatforms) = postSolution
		{F2B8CB5D-6F0D-4A17-8F2A-C980F7D1033C}.Debug|Any CPU.ActiveCfg = Debug|Any CPU
		{F2B8CB5D-6F0D-4A17-8F2A-C980F7D1033C}.Debug|Any CPU.Build.0 = Debug|Any CPU
		{F2B8CB5D-6F0D-4A17-8F2A-C980F7D1033C}.Release|Any CPU.ActiveCfg = Release|Any CPU
		{F2B8CB5D-6F0D-4A17-8F2A-C980F7D1033C}.Release|Any CPU.Build.0 = Release|Any CPU
	EndGlobalSection
	GlobalSection(SolutionProperties) = preSolution
		HideSolutionNode = FALSE
	EndGlobalSection
	GlobalSection(ExtensibilityGlobals) = postSolution
		SolutionGuid = {F913AEC6-9EFF-48BA-9C86-5D8CC1BB8125}
	EndGlobalSection
EndGlobal
