
Microsoft Visual Studio Solution File, Format Version 12.00
# Visual Studio Version 17
VisualStudioVersion = 17.6.33801.468
MinimumVisualStudioVersion = 10.0.40219.1
Project("{FAE04EC0-301F-11D3-BF4B-00C04F79EFBC}") = "StringInterpolation", "StringInterpolation\StringInterpolation.csproj", "{1642171F-1F92-43C8-851B-E06DA189AB61}"
EndProject
Global
	GlobalSection(SolutionConfigurationPlatforms) = preSolution
		Debug|Any CPU = Debug|Any CPU
		Release|Any CPU = Release|Any CPU
	EndGlobalSection
	GlobalSection(ProjectConfigurationPlatforms) = postSolution
		{1642171F-1F92-43C8-851B-E06DA189AB61}.Debug|Any CPU.ActiveCfg = Debug|Any CPU
		{1642171F-1F92-43C8-851B-E06DA189AB61}.Debug|Any CPU.Build.0 = Debug|Any CPU
		{1642171F-1F92-43C8-851B-E06DA189AB61}.Release|Any CPU.ActiveCfg = Release|Any CPU
		{1642171F-1F92-43C8-851B-E06DA189AB61}.Release|Any CPU.Build.0 = Release|Any CPU
	EndGlobalSection
	GlobalSection(SolutionProperties) = preSolution
		HideSolutionNode = FALSE
	EndGlobalSection
	GlobalSection(ExtensibilityGlobals) = postSolution
		SolutionGuid = {41DB8D9D-AE9B-463E-955D-5237DB271BFE}
	EndGlobalSection
EndGlobal
